// !$*UTF8*$!
{
	archiveVersion = 1;
	classes = {
	};
	objectVersion = 56;
	objects = {

/* Begin PBXBuildFile section */
		2B18BC2F2B60A272007636EC /* ChannelAddViewController.swift in Sources */ = {isa = PBXBuildFile; fileRef = 2B18BC2E2B60A272007636EC /* ChannelAddViewController.swift */; };
		2B18BC322B60A28C007636EC /* ChannelAddView.swift in Sources */ = {isa = PBXBuildFile; fileRef = 2B18BC312B60A28C007636EC /* ChannelAddView.swift */; };
		2B18BC342B60A296007636EC /* ChannelAddViewModel.swift in Sources */ = {isa = PBXBuildFile; fileRef = 2B18BC332B60A296007636EC /* ChannelAddViewModel.swift */; };
		2B18BC362B60D914007636EC /* Notification+.swift in Sources */ = {isa = PBXBuildFile; fileRef = 2B18BC352B60D914007636EC /* Notification+.swift */; };
		2B18BC392B60E365007636EC /* ChannelSearchViewController.swift in Sources */ = {isa = PBXBuildFile; fileRef = 2B18BC382B60E365007636EC /* ChannelSearchViewController.swift */; };
		2B18BC3B2B60E36F007636EC /* ChannelSearchView.swift in Sources */ = {isa = PBXBuildFile; fileRef = 2B18BC3A2B60E36F007636EC /* ChannelSearchView.swift */; };
		2B18BC3D2B60E377007636EC /* ChannelSearchViewModel.swift in Sources */ = {isa = PBXBuildFile; fileRef = 2B18BC3C2B60E377007636EC /* ChannelSearchViewModel.swift */; };
		2B41091E2B4ABD90006149BE /* InitialView.swift in Sources */ = {isa = PBXBuildFile; fileRef = 2B41091D2B4ABD90006149BE /* InitialView.swift */; };
		2B4109202B4ABDA3006149BE /* InitialViewController.swift in Sources */ = {isa = PBXBuildFile; fileRef = 2B41091F2B4ABDA3006149BE /* InitialViewController.swift */; };
		2B4109222B4ABE93006149BE /* LaunchScreen.storyboard in Resources */ = {isa = PBXBuildFile; fileRef = 2B4109212B4ABE93006149BE /* LaunchScreen.storyboard */; };
		2B4109242B4AC4D1006149BE /* SignUpViewModel.swift in Sources */ = {isa = PBXBuildFile; fileRef = 2B4109232B4AC4D1006149BE /* SignUpViewModel.swift */; };
		2B4109262B4D2AC6006149BE /* CSecureTextField.swift in Sources */ = {isa = PBXBuildFile; fileRef = 2B4109252B4D2AC6006149BE /* CSecureTextField.swift */; };
		2B4109292B4D39EA006149BE /* IQKeyboardManagerSwift in Frameworks */ = {isa = PBXBuildFile; productRef = 2B4109282B4D39EA006149BE /* IQKeyboardManagerSwift */; };
		2B41092C2B4E81F2006149BE /* UserDefaults+.swift in Sources */ = {isa = PBXBuildFile; fileRef = 2B41092B2B4E81F2006149BE /* UserDefaults+.swift */; };
		2B41092E2B4E886F006149BE /* InitialViewModel.swift in Sources */ = {isa = PBXBuildFile; fileRef = 2B41092D2B4E886E006149BE /* InitialViewModel.swift */; };
		2B4109302B4EB164006149BE /* ChangeRootVCManager.swift in Sources */ = {isa = PBXBuildFile; fileRef = 2B41092F2B4EB164006149BE /* ChangeRootVCManager.swift */; };
		2B4109332B4EB2A8006149BE /* AddViewController.swift in Sources */ = {isa = PBXBuildFile; fileRef = 2B4109322B4EB2A8006149BE /* AddViewController.swift */; };
		2B4109362B4EB2EC006149BE /* HomeViewController.swift in Sources */ = {isa = PBXBuildFile; fileRef = 2B4109352B4EB2EC006149BE /* HomeViewController.swift */; };
		2B4109392B4FAE59006149BE /* EmailLoginViewController.swift in Sources */ = {isa = PBXBuildFile; fileRef = 2B4109382B4FAE59006149BE /* EmailLoginViewController.swift */; };
		2B41093B2B4FAE64006149BE /* EmailLoginView.swift in Sources */ = {isa = PBXBuildFile; fileRef = 2B41093A2B4FAE64006149BE /* EmailLoginView.swift */; };
		2B41093D2B4FB12C006149BE /* EmailLoginViewModel.swift in Sources */ = {isa = PBXBuildFile; fileRef = 2B41093C2B4FB12C006149BE /* EmailLoginViewModel.swift */; };
		2B4109442B4FEA82006149BE /* AddView.swift in Sources */ = {isa = PBXBuildFile; fileRef = 2B4109432B4FEA82006149BE /* AddView.swift */; };
		2B4109462B4FEA8D006149BE /* AddViewModel.swift in Sources */ = {isa = PBXBuildFile; fileRef = 2B4109452B4FEA8D006149BE /* AddViewModel.swift */; };
		2B4109482B4FF552006149BE /* CSymbolButton.swift in Sources */ = {isa = PBXBuildFile; fileRef = 2B4109472B4FF552006149BE /* CSymbolButton.swift */; };
		2B4109722B5277E8006149BE /* HomeView.swift in Sources */ = {isa = PBXBuildFile; fileRef = 2B4109712B5277E8006149BE /* HomeView.swift */; };
		2B4109742B5277F1006149BE /* HomeViewModel.swift in Sources */ = {isa = PBXBuildFile; fileRef = 2B4109732B5277F1006149BE /* HomeViewModel.swift */; };
		2B4109762B527DB2006149BE /* CDivider.swift in Sources */ = {isa = PBXBuildFile; fileRef = 2B4109752B527DB2006149BE /* CDivider.swift */; };
		2B4109792B527EDF006149BE /* HomeSectionTableViewCell.swift in Sources */ = {isa = PBXBuildFile; fileRef = 2B4109782B527EDF006149BE /* HomeSectionTableViewCell.swift */; };
		2B41097B2B527F01006149BE /* HomeChannelTableViewCell.swift in Sources */ = {isa = PBXBuildFile; fileRef = 2B41097A2B527F01006149BE /* HomeChannelTableViewCell.swift */; };
		2B41097D2B527F69006149BE /* ReusableViewProtocol+.swift in Sources */ = {isa = PBXBuildFile; fileRef = 2B41097C2B527F69006149BE /* ReusableViewProtocol+.swift */; };
		2B9B6D742B52A60000CC021E /* SwitchViewController.swift in Sources */ = {isa = PBXBuildFile; fileRef = 2B9B6D732B52A60000CC021E /* SwitchViewController.swift */; };
		2B9B6D792B52D5DD00CC021E /* HomeDMTableViewCell.swift in Sources */ = {isa = PBXBuildFile; fileRef = 2B9B6D782B52D5DD00CC021E /* HomeDMTableViewCell.swift */; };
		2B9B6D7B2B52D70A00CC021E /* HomePlusTableViewCell.swift in Sources */ = {isa = PBXBuildFile; fileRef = 2B9B6D7A2B52D70A00CC021E /* HomePlusTableViewCell.swift */; };
		2B9B6D7E2B53B4DD00CC021E /* SideMenu in Frameworks */ = {isa = PBXBuildFile; productRef = 2B9B6D7D2B53B4DD00CC021E /* SideMenu */; };
		2B9B6D872B53C41E00CC021E /* SideMenuViewController.swift in Sources */ = {isa = PBXBuildFile; fileRef = 2B9B6D862B53C41E00CC021E /* SideMenuViewController.swift */; };
		2B9B6D892B53C64300CC021E /* SideMenuView.swift in Sources */ = {isa = PBXBuildFile; fileRef = 2B9B6D882B53C64300CC021E /* SideMenuView.swift */; };
		2B9B6D8B2B53C88400CC021E /* CTextButton.swift in Sources */ = {isa = PBXBuildFile; fileRef = 2B9B6D8A2B53C88400CC021E /* CTextButton.swift */; };
		2B9B6D8D2B53F88A00CC021E /* SideMenuTableViewCell.swift in Sources */ = {isa = PBXBuildFile; fileRef = 2B9B6D8C2B53F88A00CC021E /* SideMenuTableViewCell.swift */; };
		2B9D89E42B554B2800642F85 /* Kingfisher in Frameworks */ = {isa = PBXBuildFile; productRef = 2B9D89E32B554B2800642F85 /* Kingfisher */; };
		2B9D89E82B57CD2600642F85 /* SideMenuViewModel.swift in Sources */ = {isa = PBXBuildFile; fileRef = 2B9D89E72B57CD2600642F85 /* SideMenuViewModel.swift */; };
		2B9D89F72B5A959F00642F85 /* twoButtonModalViewController.swift in Sources */ = {isa = PBXBuildFile; fileRef = 2B9D89F62B5A959F00642F85 /* twoButtonModalViewController.swift */; };
		2B9D89F92B5A95B000642F85 /* twoButtonModalView.swift in Sources */ = {isa = PBXBuildFile; fileRef = 2B9D89F82B5A95B000642F85 /* twoButtonModalView.swift */; };
		2B9D89FB2B5AA69800642F85 /* twoButtonModalViewModel.swift in Sources */ = {isa = PBXBuildFile; fileRef = 2B9D89FA2B5AA69800642F85 /* twoButtonModalViewModel.swift */; };
		2BAF68C22B458E4500584B13 /* AppDelegate.swift in Sources */ = {isa = PBXBuildFile; fileRef = 2BAF68C12B458E4500584B13 /* AppDelegate.swift */; };
		2BAF68C42B458E4500584B13 /* SceneDelegate.swift in Sources */ = {isa = PBXBuildFile; fileRef = 2BAF68C32B458E4500584B13 /* SceneDelegate.swift */; };
		2BAF68C62B458E4500584B13 /* OnboardingViewController.swift in Sources */ = {isa = PBXBuildFile; fileRef = 2BAF68C52B458E4500584B13 /* OnboardingViewController.swift */; };
		2BAF68CB2B458E4600584B13 /* Assets.xcassets in Resources */ = {isa = PBXBuildFile; fileRef = 2BAF68CA2B458E4600584B13 /* Assets.xcassets */; };
		2BAF68EB2B45B53900584B13 /* SnapKit in Frameworks */ = {isa = PBXBuildFile; productRef = 2BAF68EA2B45B53900584B13 /* SnapKit */; };
		2BAF68EE2B45B54300584B13 /* Then in Frameworks */ = {isa = PBXBuildFile; productRef = 2BAF68ED2B45B54300584B13 /* Then */; };
		2BAF68F02B45B57C00584B13 /* Font+.swift in Sources */ = {isa = PBXBuildFile; fileRef = 2BAF68EF2B45B57C00584B13 /* Font+.swift */; };
		2BAF68F22B45B5A800584B13 /* CLabel.swift in Sources */ = {isa = PBXBuildFile; fileRef = 2BAF68F12B45B5A800584B13 /* CLabel.swift */; };
		2BAF68F42B4685C300584B13 /* BaseView.swift in Sources */ = {isa = PBXBuildFile; fileRef = 2BAF68F32B4685C300584B13 /* BaseView.swift */; };
		2BAF68F62B4685D800584B13 /* BaseViewController.swift in Sources */ = {isa = PBXBuildFile; fileRef = 2BAF68F52B4685D800584B13 /* BaseViewController.swift */; };
		2BAF68F82B46865500584B13 /* BaseViewModel.swift in Sources */ = {isa = PBXBuildFile; fileRef = 2BAF68F72B46865500584B13 /* BaseViewModel.swift */; };
		2BAF68FA2B46866500584B13 /* BaseTableViewCell.swift in Sources */ = {isa = PBXBuildFile; fileRef = 2BAF68F92B46866500584B13 /* BaseTableViewCell.swift */; };
		2BAF68FC2B46867900584B13 /* BaseCollectionViewCell.swift in Sources */ = {isa = PBXBuildFile; fileRef = 2BAF68FB2B46867900584B13 /* BaseCollectionViewCell.swift */; };
		2BAF68FE2B4686E900584B13 /* OnboardingView.swift in Sources */ = {isa = PBXBuildFile; fileRef = 2BAF68FD2B4686E900584B13 /* OnboardingView.swift */; };
		2BAF69012B4689B900584B13 /* CButton.swift in Sources */ = {isa = PBXBuildFile; fileRef = 2BAF69002B4689B900584B13 /* CButton.swift */; };
		2BE5E7A42B46986E0012A83F /* RxCocoa in Frameworks */ = {isa = PBXBuildFile; productRef = 2BE5E7A32B46986E0012A83F /* RxCocoa */; };
		2BE5E7A62B46986E0012A83F /* RxRelay in Frameworks */ = {isa = PBXBuildFile; productRef = 2BE5E7A52B46986E0012A83F /* RxRelay */; };
		2BE5E7A82B46986E0012A83F /* RxSwift in Frameworks */ = {isa = PBXBuildFile; productRef = 2BE5E7A72B46986E0012A83F /* RxSwift */; };
		2BE5E7AA2B4698A20012A83F /* OnboardingViewModel.swift in Sources */ = {isa = PBXBuildFile; fileRef = 2BE5E7A92B4698A20012A83F /* OnboardingViewModel.swift */; };
		2BE5E7AC2B469BBD0012A83F /* AuthViewController.swift in Sources */ = {isa = PBXBuildFile; fileRef = 2BE5E7AB2B469BBD0012A83F /* AuthViewController.swift */; };
		2BE5E7AF2B469FED0012A83F /* AuthView.swift in Sources */ = {isa = PBXBuildFile; fileRef = 2BE5E7AE2B469FED0012A83F /* AuthView.swift */; };
		2BE5E7B12B469FF70012A83F /* AuthViewModel.swift in Sources */ = {isa = PBXBuildFile; fileRef = 2BE5E7B02B469FF70012A83F /* AuthViewModel.swift */; };
		2BE5E7B32B46A25F0012A83F /* CImageButton.swift in Sources */ = {isa = PBXBuildFile; fileRef = 2BE5E7B22B46A25F0012A83F /* CImageButton.swift */; };
		2BE5E7BF2B46C9220012A83F /* .gitignore in Resources */ = {isa = PBXBuildFile; fileRef = 2BE5E7BE2B46C9220012A83F /* .gitignore */; };
		2BE5E7C22B46CA170012A83F /* APIKey.swift in Sources */ = {isa = PBXBuildFile; fileRef = 2BE5E7C12B46CA170012A83F /* APIKey.swift */; };
		2BE5E7CA2B46D32B0012A83F /* KakaoSDKAuth in Frameworks */ = {isa = PBXBuildFile; productRef = 2BE5E7C92B46D32B0012A83F /* KakaoSDKAuth */; };
		2BE5E7CC2B46D32B0012A83F /* KakaoSDKCommon in Frameworks */ = {isa = PBXBuildFile; productRef = 2BE5E7CB2B46D32B0012A83F /* KakaoSDKCommon */; };
		2BE5E7CE2B46D32B0012A83F /* KakaoSDKUser in Frameworks */ = {isa = PBXBuildFile; productRef = 2BE5E7CD2B46D32B0012A83F /* KakaoSDKUser */; };
		2BE5E7D02B46E1340012A83F /* KakaoLoginManager.swift in Sources */ = {isa = PBXBuildFile; fileRef = 2BE5E7CF2B46E1340012A83F /* KakaoLoginManager.swift */; };
		2BE5E7D22B4707590012A83F /* Alert+.swift in Sources */ = {isa = PBXBuildFile; fileRef = 2BE5E7D12B4707590012A83F /* Alert+.swift */; };
		2BE5E7D52B4715140012A83F /* SwiftKeychainWrapper in Frameworks */ = {isa = PBXBuildFile; productRef = 2BE5E7D42B4715140012A83F /* SwiftKeychainWrapper */; };
		2BE5E7D72B4715240012A83F /* KeychainManager.swift in Sources */ = {isa = PBXBuildFile; fileRef = 2BE5E7D62B4715240012A83F /* KeychainManager.swift */; };
		2BE5E7E62B47EFF70012A83F /* NetworkManager.swift in Sources */ = {isa = PBXBuildFile; fileRef = 2BE5E7E52B47EFF70012A83F /* NetworkManager.swift */; };
		2BE5E7E82B47F0060012A83F /* APIRouter.swift in Sources */ = {isa = PBXBuildFile; fileRef = 2BE5E7E72B47F0060012A83F /* APIRouter.swift */; };
		2BE5E7EA2B47F98B0012A83F /* Constants.swift in Sources */ = {isa = PBXBuildFile; fileRef = 2BE5E7E92B47F98B0012A83F /* Constants.swift */; };
		2BE5E7EF2B480EEA0012A83F /* NetworkModel.swift in Sources */ = {isa = PBXBuildFile; fileRef = 2BE5E7EE2B480EEA0012A83F /* NetworkModel.swift */; };
		2BE5E7F12B4812DD0012A83F /* NetworkError.swift in Sources */ = {isa = PBXBuildFile; fileRef = 2BE5E7F02B4812DD0012A83F /* NetworkError.swift */; };
		2BE5E7F82B4961870012A83F /* SignUpViewController.swift in Sources */ = {isa = PBXBuildFile; fileRef = 2BE5E7F72B4961870012A83F /* SignUpViewController.swift */; };
		2BE5E7FA2B4961BB0012A83F /* SignUpView.swift in Sources */ = {isa = PBXBuildFile; fileRef = 2BE5E7F92B4961BB0012A83F /* SignUpView.swift */; };
		2BE5E7FC2B49637B0012A83F /* CBackView.swift in Sources */ = {isa = PBXBuildFile; fileRef = 2BE5E7FB2B49637B0012A83F /* CBackView.swift */; };
		2BE5E7FE2B4964520012A83F /* CTextField.swift in Sources */ = {isa = PBXBuildFile; fileRef = 2BE5E7FD2B4964520012A83F /* CTextField.swift */; };
		2BE5E8002B4968900012A83F /* XmarkButton.swift in Sources */ = {isa = PBXBuildFile; fileRef = 2BE5E7FF2B4968900012A83F /* XmarkButton.swift */; };
/* End PBXBuildFile section */

/* Begin PBXFileReference section */
		2B18BC2E2B60A272007636EC /* ChannelAddViewController.swift */ = {isa = PBXFileReference; lastKnownFileType = sourcecode.swift; path = ChannelAddViewController.swift; sourceTree = "<group>"; };
		2B18BC312B60A28C007636EC /* ChannelAddView.swift */ = {isa = PBXFileReference; lastKnownFileType = sourcecode.swift; path = ChannelAddView.swift; sourceTree = "<group>"; };
		2B18BC332B60A296007636EC /* ChannelAddViewModel.swift */ = {isa = PBXFileReference; lastKnownFileType = sourcecode.swift; path = ChannelAddViewModel.swift; sourceTree = "<group>"; };
		2B18BC352B60D914007636EC /* Notification+.swift */ = {isa = PBXFileReference; lastKnownFileType = sourcecode.swift; path = "Notification+.swift"; sourceTree = "<group>"; };
		2B18BC382B60E365007636EC /* ChannelSearchViewController.swift */ = {isa = PBXFileReference; lastKnownFileType = sourcecode.swift; path = ChannelSearchViewController.swift; sourceTree = "<group>"; };
		2B18BC3A2B60E36F007636EC /* ChannelSearchView.swift */ = {isa = PBXFileReference; lastKnownFileType = sourcecode.swift; path = ChannelSearchView.swift; sourceTree = "<group>"; };
		2B18BC3C2B60E377007636EC /* ChannelSearchViewModel.swift */ = {isa = PBXFileReference; lastKnownFileType = sourcecode.swift; path = ChannelSearchViewModel.swift; sourceTree = "<group>"; };
		2B41091D2B4ABD90006149BE /* InitialView.swift */ = {isa = PBXFileReference; lastKnownFileType = sourcecode.swift; path = InitialView.swift; sourceTree = "<group>"; };
		2B41091F2B4ABDA3006149BE /* InitialViewController.swift */ = {isa = PBXFileReference; lastKnownFileType = sourcecode.swift; path = InitialViewController.swift; sourceTree = "<group>"; };
		2B4109212B4ABE93006149BE /* LaunchScreen.storyboard */ = {isa = PBXFileReference; lastKnownFileType = file.storyboard; path = LaunchScreen.storyboard; sourceTree = "<group>"; };
		2B4109232B4AC4D1006149BE /* SignUpViewModel.swift */ = {isa = PBXFileReference; lastKnownFileType = sourcecode.swift; path = SignUpViewModel.swift; sourceTree = "<group>"; };
		2B4109252B4D2AC6006149BE /* CSecureTextField.swift */ = {isa = PBXFileReference; lastKnownFileType = sourcecode.swift; path = CSecureTextField.swift; sourceTree = "<group>"; };
		2B41092A2B4E6542006149BE /* Chatty.entitlements */ = {isa = PBXFileReference; lastKnownFileType = text.plist.entitlements; path = Chatty.entitlements; sourceTree = "<group>"; };
		2B41092B2B4E81F2006149BE /* UserDefaults+.swift */ = {isa = PBXFileReference; lastKnownFileType = sourcecode.swift; path = "UserDefaults+.swift"; sourceTree = "<group>"; };
		2B41092D2B4E886E006149BE /* InitialViewModel.swift */ = {isa = PBXFileReference; lastKnownFileType = sourcecode.swift; path = InitialViewModel.swift; sourceTree = "<group>"; };
		2B41092F2B4EB164006149BE /* ChangeRootVCManager.swift */ = {isa = PBXFileReference; lastKnownFileType = sourcecode.swift; path = ChangeRootVCManager.swift; sourceTree = "<group>"; };
		2B4109322B4EB2A8006149BE /* AddViewController.swift */ = {isa = PBXFileReference; lastKnownFileType = sourcecode.swift; path = AddViewController.swift; sourceTree = "<group>"; };
		2B4109352B4EB2EC006149BE /* HomeViewController.swift */ = {isa = PBXFileReference; lastKnownFileType = sourcecode.swift; path = HomeViewController.swift; sourceTree = "<group>"; };
		2B4109382B4FAE59006149BE /* EmailLoginViewController.swift */ = {isa = PBXFileReference; lastKnownFileType = sourcecode.swift; path = EmailLoginViewController.swift; sourceTree = "<group>"; };
		2B41093A2B4FAE64006149BE /* EmailLoginView.swift */ = {isa = PBXFileReference; lastKnownFileType = sourcecode.swift; path = EmailLoginView.swift; sourceTree = "<group>"; };
		2B41093C2B4FB12C006149BE /* EmailLoginViewModel.swift */ = {isa = PBXFileReference; lastKnownFileType = sourcecode.swift; path = EmailLoginViewModel.swift; sourceTree = "<group>"; };
		2B4109432B4FEA82006149BE /* AddView.swift */ = {isa = PBXFileReference; lastKnownFileType = sourcecode.swift; path = AddView.swift; sourceTree = "<group>"; };
		2B4109452B4FEA8D006149BE /* AddViewModel.swift */ = {isa = PBXFileReference; lastKnownFileType = sourcecode.swift; path = AddViewModel.swift; sourceTree = "<group>"; };
		2B4109472B4FF552006149BE /* CSymbolButton.swift */ = {isa = PBXFileReference; lastKnownFileType = sourcecode.swift; path = CSymbolButton.swift; sourceTree = "<group>"; };
		2B4109712B5277E8006149BE /* HomeView.swift */ = {isa = PBXFileReference; lastKnownFileType = sourcecode.swift; path = HomeView.swift; sourceTree = "<group>"; };
		2B4109732B5277F1006149BE /* HomeViewModel.swift */ = {isa = PBXFileReference; lastKnownFileType = sourcecode.swift; path = HomeViewModel.swift; sourceTree = "<group>"; };
		2B4109752B527DB2006149BE /* CDivider.swift */ = {isa = PBXFileReference; lastKnownFileType = sourcecode.swift; path = CDivider.swift; sourceTree = "<group>"; };
		2B4109782B527EDF006149BE /* HomeSectionTableViewCell.swift */ = {isa = PBXFileReference; lastKnownFileType = sourcecode.swift; path = HomeSectionTableViewCell.swift; sourceTree = "<group>"; };
		2B41097A2B527F01006149BE /* HomeChannelTableViewCell.swift */ = {isa = PBXFileReference; lastKnownFileType = sourcecode.swift; path = HomeChannelTableViewCell.swift; sourceTree = "<group>"; };
		2B41097C2B527F69006149BE /* ReusableViewProtocol+.swift */ = {isa = PBXFileReference; lastKnownFileType = sourcecode.swift; path = "ReusableViewProtocol+.swift"; sourceTree = "<group>"; };
		2B9B6D732B52A60000CC021E /* SwitchViewController.swift */ = {isa = PBXFileReference; lastKnownFileType = sourcecode.swift; path = SwitchViewController.swift; sourceTree = "<group>"; };
		2B9B6D782B52D5DD00CC021E /* HomeDMTableViewCell.swift */ = {isa = PBXFileReference; lastKnownFileType = sourcecode.swift; path = HomeDMTableViewCell.swift; sourceTree = "<group>"; };
		2B9B6D7A2B52D70A00CC021E /* HomePlusTableViewCell.swift */ = {isa = PBXFileReference; lastKnownFileType = sourcecode.swift; path = HomePlusTableViewCell.swift; sourceTree = "<group>"; };
		2B9B6D862B53C41E00CC021E /* SideMenuViewController.swift */ = {isa = PBXFileReference; lastKnownFileType = sourcecode.swift; path = SideMenuViewController.swift; sourceTree = "<group>"; };
		2B9B6D882B53C64300CC021E /* SideMenuView.swift */ = {isa = PBXFileReference; lastKnownFileType = sourcecode.swift; path = SideMenuView.swift; sourceTree = "<group>"; };
		2B9B6D8A2B53C88400CC021E /* CTextButton.swift */ = {isa = PBXFileReference; lastKnownFileType = sourcecode.swift; path = CTextButton.swift; sourceTree = "<group>"; };
		2B9B6D8C2B53F88A00CC021E /* SideMenuTableViewCell.swift */ = {isa = PBXFileReference; lastKnownFileType = sourcecode.swift; path = SideMenuTableViewCell.swift; sourceTree = "<group>"; };
		2B9D89E72B57CD2600642F85 /* SideMenuViewModel.swift */ = {isa = PBXFileReference; lastKnownFileType = sourcecode.swift; path = SideMenuViewModel.swift; sourceTree = "<group>"; };
		2B9D89F62B5A959F00642F85 /* twoButtonModalViewController.swift */ = {isa = PBXFileReference; lastKnownFileType = sourcecode.swift; path = twoButtonModalViewController.swift; sourceTree = "<group>"; };
		2B9D89F82B5A95B000642F85 /* twoButtonModalView.swift */ = {isa = PBXFileReference; lastKnownFileType = sourcecode.swift; path = twoButtonModalView.swift; sourceTree = "<group>"; };
		2B9D89FA2B5AA69800642F85 /* twoButtonModalViewModel.swift */ = {isa = PBXFileReference; lastKnownFileType = sourcecode.swift; path = twoButtonModalViewModel.swift; sourceTree = "<group>"; };
		2BAF68BE2B458E4500584B13 /* Chatty.app */ = {isa = PBXFileReference; explicitFileType = wrapper.application; includeInIndex = 0; path = Chatty.app; sourceTree = BUILT_PRODUCTS_DIR; };
		2BAF68C12B458E4500584B13 /* AppDelegate.swift */ = {isa = PBXFileReference; lastKnownFileType = sourcecode.swift; path = AppDelegate.swift; sourceTree = "<group>"; };
		2BAF68C32B458E4500584B13 /* SceneDelegate.swift */ = {isa = PBXFileReference; lastKnownFileType = sourcecode.swift; path = SceneDelegate.swift; sourceTree = "<group>"; };
		2BAF68C52B458E4500584B13 /* OnboardingViewController.swift */ = {isa = PBXFileReference; lastKnownFileType = sourcecode.swift; path = OnboardingViewController.swift; sourceTree = "<group>"; };
		2BAF68CA2B458E4600584B13 /* Assets.xcassets */ = {isa = PBXFileReference; lastKnownFileType = folder.assetcatalog; path = Assets.xcassets; sourceTree = "<group>"; };
		2BAF68CF2B458E4600584B13 /* Info.plist */ = {isa = PBXFileReference; lastKnownFileType = text.plist.xml; path = Info.plist; sourceTree = "<group>"; };
		2BAF68EF2B45B57C00584B13 /* Font+.swift */ = {isa = PBXFileReference; lastKnownFileType = sourcecode.swift; path = "Font+.swift"; sourceTree = "<group>"; };
		2BAF68F12B45B5A800584B13 /* CLabel.swift */ = {isa = PBXFileReference; lastKnownFileType = sourcecode.swift; path = CLabel.swift; sourceTree = "<group>"; };
		2BAF68F32B4685C300584B13 /* BaseView.swift */ = {isa = PBXFileReference; lastKnownFileType = sourcecode.swift; path = BaseView.swift; sourceTree = "<group>"; };
		2BAF68F52B4685D800584B13 /* BaseViewController.swift */ = {isa = PBXFileReference; lastKnownFileType = sourcecode.swift; path = BaseViewController.swift; sourceTree = "<group>"; };
		2BAF68F72B46865500584B13 /* BaseViewModel.swift */ = {isa = PBXFileReference; lastKnownFileType = sourcecode.swift; path = BaseViewModel.swift; sourceTree = "<group>"; };
		2BAF68F92B46866500584B13 /* BaseTableViewCell.swift */ = {isa = PBXFileReference; lastKnownFileType = sourcecode.swift; path = BaseTableViewCell.swift; sourceTree = "<group>"; };
		2BAF68FB2B46867900584B13 /* BaseCollectionViewCell.swift */ = {isa = PBXFileReference; lastKnownFileType = sourcecode.swift; path = BaseCollectionViewCell.swift; sourceTree = "<group>"; };
		2BAF68FD2B4686E900584B13 /* OnboardingView.swift */ = {isa = PBXFileReference; lastKnownFileType = sourcecode.swift; path = OnboardingView.swift; sourceTree = "<group>"; };
		2BAF69002B4689B900584B13 /* CButton.swift */ = {isa = PBXFileReference; lastKnownFileType = sourcecode.swift; path = CButton.swift; sourceTree = "<group>"; };
		2BE5E7A92B4698A20012A83F /* OnboardingViewModel.swift */ = {isa = PBXFileReference; lastKnownFileType = sourcecode.swift; path = OnboardingViewModel.swift; sourceTree = "<group>"; };
		2BE5E7AB2B469BBD0012A83F /* AuthViewController.swift */ = {isa = PBXFileReference; lastKnownFileType = sourcecode.swift; path = AuthViewController.swift; sourceTree = "<group>"; };
		2BE5E7AE2B469FED0012A83F /* AuthView.swift */ = {isa = PBXFileReference; lastKnownFileType = sourcecode.swift; path = AuthView.swift; sourceTree = "<group>"; };
		2BE5E7B02B469FF70012A83F /* AuthViewModel.swift */ = {isa = PBXFileReference; lastKnownFileType = sourcecode.swift; path = AuthViewModel.swift; sourceTree = "<group>"; };
		2BE5E7B22B46A25F0012A83F /* CImageButton.swift */ = {isa = PBXFileReference; lastKnownFileType = sourcecode.swift; path = CImageButton.swift; sourceTree = "<group>"; };
		2BE5E7BE2B46C9220012A83F /* .gitignore */ = {isa = PBXFileReference; lastKnownFileType = text; path = .gitignore; sourceTree = "<group>"; };
		2BE5E7C12B46CA170012A83F /* APIKey.swift */ = {isa = PBXFileReference; lastKnownFileType = sourcecode.swift; path = APIKey.swift; sourceTree = "<group>"; };
		2BE5E7C42B46CDB60012A83F /* Config.xcconfig */ = {isa = PBXFileReference; lastKnownFileType = text.xcconfig; path = Config.xcconfig; sourceTree = "<group>"; };
		2BE5E7CF2B46E1340012A83F /* KakaoLoginManager.swift */ = {isa = PBXFileReference; lastKnownFileType = sourcecode.swift; path = KakaoLoginManager.swift; sourceTree = "<group>"; };
		2BE5E7D12B4707590012A83F /* Alert+.swift */ = {isa = PBXFileReference; lastKnownFileType = sourcecode.swift; path = "Alert+.swift"; sourceTree = "<group>"; };
		2BE5E7D62B4715240012A83F /* KeychainManager.swift */ = {isa = PBXFileReference; lastKnownFileType = sourcecode.swift; path = KeychainManager.swift; sourceTree = "<group>"; };
		2BE5E7E52B47EFF70012A83F /* NetworkManager.swift */ = {isa = PBXFileReference; lastKnownFileType = sourcecode.swift; path = NetworkManager.swift; sourceTree = "<group>"; };
		2BE5E7E72B47F0060012A83F /* APIRouter.swift */ = {isa = PBXFileReference; lastKnownFileType = sourcecode.swift; path = APIRouter.swift; sourceTree = "<group>"; };
		2BE5E7E92B47F98B0012A83F /* Constants.swift */ = {isa = PBXFileReference; lastKnownFileType = sourcecode.swift; path = Constants.swift; sourceTree = "<group>"; };
		2BE5E7EE2B480EEA0012A83F /* NetworkModel.swift */ = {isa = PBXFileReference; lastKnownFileType = sourcecode.swift; path = NetworkModel.swift; sourceTree = "<group>"; };
		2BE5E7F02B4812DD0012A83F /* NetworkError.swift */ = {isa = PBXFileReference; lastKnownFileType = sourcecode.swift; path = NetworkError.swift; sourceTree = "<group>"; };
		2BE5E7F72B4961870012A83F /* SignUpViewController.swift */ = {isa = PBXFileReference; lastKnownFileType = sourcecode.swift; path = SignUpViewController.swift; sourceTree = "<group>"; };
		2BE5E7F92B4961BB0012A83F /* SignUpView.swift */ = {isa = PBXFileReference; lastKnownFileType = sourcecode.swift; path = SignUpView.swift; sourceTree = "<group>"; };
		2BE5E7FB2B49637B0012A83F /* CBackView.swift */ = {isa = PBXFileReference; lastKnownFileType = sourcecode.swift; path = CBackView.swift; sourceTree = "<group>"; };
		2BE5E7FD2B4964520012A83F /* CTextField.swift */ = {isa = PBXFileReference; lastKnownFileType = sourcecode.swift; path = CTextField.swift; sourceTree = "<group>"; };
		2BE5E7FF2B4968900012A83F /* XmarkButton.swift */ = {isa = PBXFileReference; lastKnownFileType = sourcecode.swift; path = XmarkButton.swift; sourceTree = "<group>"; };
/* End PBXFileReference section */

/* Begin PBXFrameworksBuildPhase section */
		2BAF68BB2B458E4500584B13 /* Frameworks */ = {
			isa = PBXFrameworksBuildPhase;
			buildActionMask = 2147483647;
			files = (
				2B9D89E42B554B2800642F85 /* Kingfisher in Frameworks */,
				2BE5E7A42B46986E0012A83F /* RxCocoa in Frameworks */,
				2BE5E7CC2B46D32B0012A83F /* KakaoSDKCommon in Frameworks */,
				2BAF68EB2B45B53900584B13 /* SnapKit in Frameworks */,
				2BE5E7A82B46986E0012A83F /* RxSwift in Frameworks */,
				2BE5E7CE2B46D32B0012A83F /* KakaoSDKUser in Frameworks */,
				2B4109292B4D39EA006149BE /* IQKeyboardManagerSwift in Frameworks */,
				2BE5E7A62B46986E0012A83F /* RxRelay in Frameworks */,
				2BAF68EE2B45B54300584B13 /* Then in Frameworks */,
				2BE5E7CA2B46D32B0012A83F /* KakaoSDKAuth in Frameworks */,
				2BE5E7D52B4715140012A83F /* SwiftKeychainWrapper in Frameworks */,
				2B9B6D7E2B53B4DD00CC021E /* SideMenu in Frameworks */,
			);
			runOnlyForDeploymentPostprocessing = 0;
		};
/* End PBXFrameworksBuildPhase section */

/* Begin PBXGroup section */
		2B18BC2D2B60A24A007636EC /* Channel */ = {
			isa = PBXGroup;
			children = (
				2B18BC372B60E34B007636EC /* ChannelSearch */,
				2B18BC302B60A278007636EC /* ChannelAdd */,
			);
			path = Channel;
			sourceTree = "<group>";
		};
		2B18BC302B60A278007636EC /* ChannelAdd */ = {
			isa = PBXGroup;
			children = (
				2B18BC2E2B60A272007636EC /* ChannelAddViewController.swift */,
				2B18BC312B60A28C007636EC /* ChannelAddView.swift */,
				2B18BC332B60A296007636EC /* ChannelAddViewModel.swift */,
			);
			path = ChannelAdd;
			sourceTree = "<group>";
		};
		2B18BC372B60E34B007636EC /* ChannelSearch */ = {
			isa = PBXGroup;
			children = (
				2B18BC382B60E365007636EC /* ChannelSearchViewController.swift */,
				2B18BC3A2B60E36F007636EC /* ChannelSearchView.swift */,
				2B18BC3C2B60E377007636EC /* ChannelSearchViewModel.swift */,
			);
			path = ChannelSearch;
			sourceTree = "<group>";
		};
		2B41091C2B4ABD82006149BE /* Initial */ = {
			isa = PBXGroup;
			children = (
				2B41091F2B4ABDA3006149BE /* InitialViewController.swift */,
				2B41091D2B4ABD90006149BE /* InitialView.swift */,
				2B41092D2B4E886E006149BE /* InitialViewModel.swift */,
			);
			path = Initial;
			sourceTree = "<group>";
		};
		2B4109312B4EB29A006149BE /* Add */ = {
			isa = PBXGroup;
			children = (
				2B4109322B4EB2A8006149BE /* AddViewController.swift */,
				2B4109432B4FEA82006149BE /* AddView.swift */,
				2B4109452B4FEA8D006149BE /* AddViewModel.swift */,
			);
			path = Add;
			sourceTree = "<group>";
		};
		2B4109342B4EB2C2006149BE /* Home */ = {
			isa = PBXGroup;
			children = (
				2B4109352B4EB2EC006149BE /* HomeViewController.swift */,
				2B4109712B5277E8006149BE /* HomeView.swift */,
				2B4109732B5277F1006149BE /* HomeViewModel.swift */,
				2B4109772B527EA4006149BE /* Cell */,
				2B9B6D7F2B53B4EF00CC021E /* SideMenu */,
			);
			path = Home;
			sourceTree = "<group>";
		};
		2B4109372B4FAE49006149BE /* EmailLogin */ = {
			isa = PBXGroup;
			children = (
				2B4109382B4FAE59006149BE /* EmailLoginViewController.swift */,
				2B41093A2B4FAE64006149BE /* EmailLoginView.swift */,
				2B41093C2B4FB12C006149BE /* EmailLoginViewModel.swift */,
			);
			path = EmailLogin;
			sourceTree = "<group>";
		};
		2B41093E2B4FB66C006149BE /* CustomErrorType */ = {
			isa = PBXGroup;
			children = (
				2BE5E7F02B4812DD0012A83F /* NetworkError.swift */,
			);
			path = CustomErrorType;
			sourceTree = "<group>";
		};
		2B41093F2B4FB774006149BE /* Model */ = {
			isa = PBXGroup;
			children = (
				2BE5E7EE2B480EEA0012A83F /* NetworkModel.swift */,
			);
			path = Model;
			sourceTree = "<group>";
		};
		2B4109402B4FB835006149BE /* Router */ = {
			isa = PBXGroup;
			children = (
				2BE5E7E72B47F0060012A83F /* APIRouter.swift */,
			);
			path = Router;
			sourceTree = "<group>";
		};
		2B4109772B527EA4006149BE /* Cell */ = {
			isa = PBXGroup;
			children = (
				2B4109782B527EDF006149BE /* HomeSectionTableViewCell.swift */,
				2B41097A2B527F01006149BE /* HomeChannelTableViewCell.swift */,
				2B9B6D782B52D5DD00CC021E /* HomeDMTableViewCell.swift */,
				2B9B6D7A2B52D70A00CC021E /* HomePlusTableViewCell.swift */,
			);
			path = Cell;
			sourceTree = "<group>";
		};
		2B9B6D752B52A60800CC021E /* SwitchRootVC */ = {
			isa = PBXGroup;
			children = (
				2B9B6D732B52A60000CC021E /* SwitchViewController.swift */,
			);
			path = SwitchRootVC;
			sourceTree = "<group>";
		};
		2B9B6D7F2B53B4EF00CC021E /* SideMenu */ = {
			isa = PBXGroup;
			children = (
				2B9B6D862B53C41E00CC021E /* SideMenuViewController.swift */,
				2B9B6D882B53C64300CC021E /* SideMenuView.swift */,
				2B9D89E72B57CD2600642F85 /* SideMenuViewModel.swift */,
				2B9B6D8E2B5400FB00CC021E /* Cell */,
			);
			path = SideMenu;
			sourceTree = "<group>";
		};
		2B9B6D8E2B5400FB00CC021E /* Cell */ = {
			isa = PBXGroup;
			children = (
				2B9B6D8C2B53F88A00CC021E /* SideMenuTableViewCell.swift */,
			);
			path = Cell;
			sourceTree = "<group>";
		};
		2B9D89F52B5A953100642F85 /* Modal */ = {
			isa = PBXGroup;
			children = (
				2B9D89F62B5A959F00642F85 /* twoButtonModalViewController.swift */,
				2B9D89F82B5A95B000642F85 /* twoButtonModalView.swift */,
				2B9D89FA2B5AA69800642F85 /* twoButtonModalViewModel.swift */,
			);
			path = Modal;
			sourceTree = "<group>";
		};
		2BAF68B52B458E4500584B13 = {
			isa = PBXGroup;
			children = (
				2BAF68C02B458E4500584B13 /* Chatty */,
				2BAF68BF2B458E4500584B13 /* Products */,
			);
			sourceTree = "<group>";
		};
		2BAF68BF2B458E4500584B13 /* Products */ = {
			isa = PBXGroup;
			children = (
				2BAF68BE2B458E4500584B13 /* Chatty.app */,
			);
			name = Products;
			sourceTree = "<group>";
		};
		2BAF68C02B458E4500584B13 /* Chatty */ = {
			isa = PBXGroup;
			children = (
				2B41092A2B4E6542006149BE /* Chatty.entitlements */,
				2BAF68CF2B458E4600584B13 /* Info.plist */,
				2BE5E7BE2B46C9220012A83F /* .gitignore */,
				2BAF68D52B45901A00584B13 /* Application */,
				2BAF68D62B45904000584B13 /* Source */,
				2BAF68D72B45904800584B13 /* Resource */,
			);
			path = Chatty;
			sourceTree = "<group>";
		};
		2BAF68D52B45901A00584B13 /* Application */ = {
			isa = PBXGroup;
			children = (
				2BAF68C12B458E4500584B13 /* AppDelegate.swift */,
				2BAF68C32B458E4500584B13 /* SceneDelegate.swift */,
			);
			path = Application;
			sourceTree = "<group>";
		};
		2BAF68D62B45904000584B13 /* Source */ = {
			isa = PBXGroup;
			children = (
				2BAF68D92B45907D00584B13 /* Data */,
				2BAF68D82B45907300584B13 /* Domain */,
				2BAF68DA2B45908600584B13 /* Utility */,
			);
			path = Source;
			sourceTree = "<group>";
		};
		2BAF68D72B45904800584B13 /* Resource */ = {
			isa = PBXGroup;
			children = (
				2BAF68CA2B458E4600584B13 /* Assets.xcassets */,
				2B4109212B4ABE93006149BE /* LaunchScreen.storyboard */,
			);
			path = Resource;
			sourceTree = "<group>";
		};
		2BAF68D82B45907300584B13 /* Domain */ = {
			isa = PBXGroup;
			children = (
				2BAF68DF2B4590E200584B13 /* Base */,
				2BAF68E02B4590E900584B13 /* View */,
			);
			path = Domain;
			sourceTree = "<group>";
		};
		2BAF68D92B45907D00584B13 /* Data */ = {
			isa = PBXGroup;
			children = (
				2BE5E7E42B47EFD00012A83F /* Network */,
				2BE5E7C02B46C9F80012A83F /* Key */,
				2BE5E7D82B4715290012A83F /* Manager */,
			);
			path = Data;
			sourceTree = "<group>";
		};
		2BAF68DA2B45908600584B13 /* Utility */ = {
			isa = PBXGroup;
			children = (
				2BAF68DB2B45909000584B13 /* DesignSystem */,
			);
			path = Utility;
			sourceTree = "<group>";
		};
		2BAF68DB2B45909000584B13 /* DesignSystem */ = {
			isa = PBXGroup;
			children = (
				2BAF68DD2B4590C000584B13 /* Constant */,
				2BAF68DC2B4590AB00584B13 /* Component */,
				2BAF68DE2B4590CB00584B13 /* Extension */,
			);
			path = DesignSystem;
			sourceTree = "<group>";
		};
		2BAF68DC2B4590AB00584B13 /* Component */ = {
			isa = PBXGroup;
			children = (
				2BAF68F12B45B5A800584B13 /* CLabel.swift */,
				2BAF69002B4689B900584B13 /* CButton.swift */,
				2BE5E7B22B46A25F0012A83F /* CImageButton.swift */,
				2BE5E7FF2B4968900012A83F /* XmarkButton.swift */,
				2B4109472B4FF552006149BE /* CSymbolButton.swift */,
				2B9B6D8A2B53C88400CC021E /* CTextButton.swift */,
				2BE5E7FB2B49637B0012A83F /* CBackView.swift */,
				2BE5E7FD2B4964520012A83F /* CTextField.swift */,
				2B4109252B4D2AC6006149BE /* CSecureTextField.swift */,
				2B4109752B527DB2006149BE /* CDivider.swift */,
			);
			path = Component;
			sourceTree = "<group>";
		};
		2BAF68DD2B4590C000584B13 /* Constant */ = {
			isa = PBXGroup;
			children = (
				2BE5E7E92B47F98B0012A83F /* Constants.swift */,
			);
			path = Constant;
			sourceTree = "<group>";
		};
		2BAF68DE2B4590CB00584B13 /* Extension */ = {
			isa = PBXGroup;
			children = (
				2BAF68EF2B45B57C00584B13 /* Font+.swift */,
				2BE5E7D12B4707590012A83F /* Alert+.swift */,
				2B41092B2B4E81F2006149BE /* UserDefaults+.swift */,
				2B41097C2B527F69006149BE /* ReusableViewProtocol+.swift */,
				2B18BC352B60D914007636EC /* Notification+.swift */,
			);
			path = Extension;
			sourceTree = "<group>";
		};
		2BAF68DF2B4590E200584B13 /* Base */ = {
			isa = PBXGroup;
			children = (
				2BAF68FB2B46867900584B13 /* BaseCollectionViewCell.swift */,
				2BAF68F92B46866500584B13 /* BaseTableViewCell.swift */,
				2BAF68F32B4685C300584B13 /* BaseView.swift */,
				2BAF68F52B4685D800584B13 /* BaseViewController.swift */,
				2BAF68F72B46865500584B13 /* BaseViewModel.swift */,
			);
			path = Base;
			sourceTree = "<group>";
		};
		2BAF68E02B4590E900584B13 /* View */ = {
			isa = PBXGroup;
			children = (
				2B9D89F52B5A953100642F85 /* Modal */,
				2B9B6D752B52A60800CC021E /* SwitchRootVC */,
				2B4109372B4FAE49006149BE /* EmailLogin */,
				2BE5E8012B497D610012A83F /* Workspace */,
				2BE5E7F62B4961700012A83F /* SignUp */,
				2BE5E7AD2B469FBD0012A83F /* Auth */,
				2BAF68FF2B46870300584B13 /* Onboarding */,
			);
			path = View;
			sourceTree = "<group>";
		};
		2BAF68FF2B46870300584B13 /* Onboarding */ = {
			isa = PBXGroup;
			children = (
				2BAF68C52B458E4500584B13 /* OnboardingViewController.swift */,
				2BAF68FD2B4686E900584B13 /* OnboardingView.swift */,
				2BE5E7A92B4698A20012A83F /* OnboardingViewModel.swift */,
			);
			path = Onboarding;
			sourceTree = "<group>";
		};
		2BE5E7AD2B469FBD0012A83F /* Auth */ = {
			isa = PBXGroup;
			children = (
				2BE5E7AB2B469BBD0012A83F /* AuthViewController.swift */,
				2BE5E7AE2B469FED0012A83F /* AuthView.swift */,
				2BE5E7B02B469FF70012A83F /* AuthViewModel.swift */,
			);
			path = Auth;
			sourceTree = "<group>";
		};
		2BE5E7C02B46C9F80012A83F /* Key */ = {
			isa = PBXGroup;
			children = (
				2BE5E7C12B46CA170012A83F /* APIKey.swift */,
				2BE5E7C42B46CDB60012A83F /* Config.xcconfig */,
			);
			path = Key;
			sourceTree = "<group>";
		};
		2BE5E7D82B4715290012A83F /* Manager */ = {
			isa = PBXGroup;
			children = (
				2BE5E7D62B4715240012A83F /* KeychainManager.swift */,
				2BE5E7CF2B46E1340012A83F /* KakaoLoginManager.swift */,
				2B41092F2B4EB164006149BE /* ChangeRootVCManager.swift */,
			);
			path = Manager;
			sourceTree = "<group>";
		};
		2BE5E7E42B47EFD00012A83F /* Network */ = {
			isa = PBXGroup;
			children = (
				2BE5E7E52B47EFF70012A83F /* NetworkManager.swift */,
				2B4109402B4FB835006149BE /* Router */,
				2B41093F2B4FB774006149BE /* Model */,
				2B41093E2B4FB66C006149BE /* CustomErrorType */,
			);
			path = Network;
			sourceTree = "<group>";
		};
		2BE5E7F62B4961700012A83F /* SignUp */ = {
			isa = PBXGroup;
			children = (
				2BE5E7F72B4961870012A83F /* SignUpViewController.swift */,
				2BE5E7F92B4961BB0012A83F /* SignUpView.swift */,
				2B4109232B4AC4D1006149BE /* SignUpViewModel.swift */,
			);
			path = SignUp;
			sourceTree = "<group>";
		};
		2BE5E8012B497D610012A83F /* Workspace */ = {
			isa = PBXGroup;
			children = (
				2B18BC2D2B60A24A007636EC /* Channel */,
				2B4109342B4EB2C2006149BE /* Home */,
				2B4109312B4EB29A006149BE /* Add */,
				2B41091C2B4ABD82006149BE /* Initial */,
			);
			path = Workspace;
			sourceTree = "<group>";
		};
/* End PBXGroup section */

/* Begin PBXNativeTarget section */
		2BAF68BD2B458E4500584B13 /* Chatty */ = {
			isa = PBXNativeTarget;
			buildConfigurationList = 2BAF68D22B458E4600584B13 /* Build configuration list for PBXNativeTarget "Chatty" */;
			buildPhases = (
				2BAF68BA2B458E4500584B13 /* Sources */,
				2BAF68BB2B458E4500584B13 /* Frameworks */,
				2BAF68BC2B458E4500584B13 /* Resources */,
			);
			buildRules = (
			);
			dependencies = (
			);
			name = Chatty;
			packageProductDependencies = (
				2BAF68EA2B45B53900584B13 /* SnapKit */,
				2BAF68ED2B45B54300584B13 /* Then */,
				2BE5E7A32B46986E0012A83F /* RxCocoa */,
				2BE5E7A52B46986E0012A83F /* RxRelay */,
				2BE5E7A72B46986E0012A83F /* RxSwift */,
				2BE5E7C92B46D32B0012A83F /* KakaoSDKAuth */,
				2BE5E7CB2B46D32B0012A83F /* KakaoSDKCommon */,
				2BE5E7CD2B46D32B0012A83F /* KakaoSDKUser */,
				2BE5E7D42B4715140012A83F /* SwiftKeychainWrapper */,
				2B4109282B4D39EA006149BE /* IQKeyboardManagerSwift */,
				2B9B6D7D2B53B4DD00CC021E /* SideMenu */,
				2B9D89E32B554B2800642F85 /* Kingfisher */,
			);
			productName = Chatty;
			productReference = 2BAF68BE2B458E4500584B13 /* Chatty.app */;
			productType = "com.apple.product-type.application";
		};
/* End PBXNativeTarget section */

/* Begin PBXProject section */
		2BAF68B62B458E4500584B13 /* Project object */ = {
			isa = PBXProject;
			attributes = {
				BuildIndependentTargetsInParallel = 1;
				LastSwiftUpdateCheck = 1500;
				LastUpgradeCheck = 1500;
				TargetAttributes = {
					2BAF68BD2B458E4500584B13 = {
						CreatedOnToolsVersion = 15.0.1;
					};
				};
			};
			buildConfigurationList = 2BAF68B92B458E4500584B13 /* Build configuration list for PBXProject "Chatty" */;
			compatibilityVersion = "Xcode 14.0";
			developmentRegion = en;
			hasScannedForEncodings = 0;
			knownRegions = (
				en,
				Base,
			);
			mainGroup = 2BAF68B52B458E4500584B13;
			packageReferences = (
				2BAF68E92B45B53900584B13 /* XCRemoteSwiftPackageReference "SnapKit" */,
				2BAF68EC2B45B54300584B13 /* XCRemoteSwiftPackageReference "Then" */,
				2BE5E7A22B46986E0012A83F /* XCRemoteSwiftPackageReference "RxSwift" */,
				2BE5E7C82B46D32A0012A83F /* XCRemoteSwiftPackageReference "kakao-ios-sdk" */,
				2BE5E7D32B4715140012A83F /* XCRemoteSwiftPackageReference "SwiftKeychainWrapper" */,
				2B4109272B4D39EA006149BE /* XCRemoteSwiftPackageReference "IQKeyboardManager" */,
				2B9B6D7C2B53B4DD00CC021E /* XCRemoteSwiftPackageReference "SideMenu" */,
				2B9D89E22B554B2800642F85 /* XCRemoteSwiftPackageReference "Kingfisher" */,
			);
			productRefGroup = 2BAF68BF2B458E4500584B13 /* Products */;
			projectDirPath = "";
			projectRoot = "";
			targets = (
				2BAF68BD2B458E4500584B13 /* Chatty */,
			);
		};
/* End PBXProject section */

/* Begin PBXResourcesBuildPhase section */
		2BAF68BC2B458E4500584B13 /* Resources */ = {
			isa = PBXResourcesBuildPhase;
			buildActionMask = 2147483647;
			files = (
				2B4109222B4ABE93006149BE /* LaunchScreen.storyboard in Resources */,
				2BE5E7BF2B46C9220012A83F /* .gitignore in Resources */,
				2BAF68CB2B458E4600584B13 /* Assets.xcassets in Resources */,
			);
			runOnlyForDeploymentPostprocessing = 0;
		};
/* End PBXResourcesBuildPhase section */

/* Begin PBXSourcesBuildPhase section */
		2BAF68BA2B458E4500584B13 /* Sources */ = {
			isa = PBXSourcesBuildPhase;
			buildActionMask = 2147483647;
			files = (
				2BE5E7D02B46E1340012A83F /* KakaoLoginManager.swift in Sources */,
				2B9D89F72B5A959F00642F85 /* twoButtonModalViewController.swift in Sources */,
				2BAF68F22B45B5A800584B13 /* CLabel.swift in Sources */,
				2B9B6D8B2B53C88400CC021E /* CTextButton.swift in Sources */,
				2BE5E7C22B46CA170012A83F /* APIKey.swift in Sources */,
				2BAF68F02B45B57C00584B13 /* Font+.swift in Sources */,
				2BE5E7E62B47EFF70012A83F /* NetworkManager.swift in Sources */,
				2B41097D2B527F69006149BE /* ReusableViewProtocol+.swift in Sources */,
				2BAF68C62B458E4500584B13 /* OnboardingViewController.swift in Sources */,
				2B4109792B527EDF006149BE /* HomeSectionTableViewCell.swift in Sources */,
				2BE5E7F82B4961870012A83F /* SignUpViewController.swift in Sources */,
				2BAF68F42B4685C300584B13 /* BaseView.swift in Sources */,
				2B18BC3D2B60E377007636EC /* ChannelSearchViewModel.swift in Sources */,
				2BE5E7D22B4707590012A83F /* Alert+.swift in Sources */,
				2B41092E2B4E886F006149BE /* InitialViewModel.swift in Sources */,
				2BAF68FA2B46866500584B13 /* BaseTableViewCell.swift in Sources */,
				2B4109332B4EB2A8006149BE /* AddViewController.swift in Sources */,
				2B41093D2B4FB12C006149BE /* EmailLoginViewModel.swift in Sources */,
				2BAF68FC2B46867900584B13 /* BaseCollectionViewCell.swift in Sources */,
				2BE5E7AA2B4698A20012A83F /* OnboardingViewModel.swift in Sources */,
				2BE5E7EA2B47F98B0012A83F /* Constants.swift in Sources */,
				2B9B6D742B52A60000CC021E /* SwitchViewController.swift in Sources */,
				2B4109202B4ABDA3006149BE /* InitialViewController.swift in Sources */,
				2B18BC362B60D914007636EC /* Notification+.swift in Sources */,
				2BE5E7AC2B469BBD0012A83F /* AuthViewController.swift in Sources */,
				2BE5E8002B4968900012A83F /* XmarkButton.swift in Sources */,
				2B18BC342B60A296007636EC /* ChannelAddViewModel.swift in Sources */,
				2B4109742B5277F1006149BE /* HomeViewModel.swift in Sources */,
				2B9D89F92B5A95B000642F85 /* twoButtonModalView.swift in Sources */,
				2BAF68C22B458E4500584B13 /* AppDelegate.swift in Sources */,
				2B4109302B4EB164006149BE /* ChangeRootVCManager.swift in Sources */,
				2BE5E7B32B46A25F0012A83F /* CImageButton.swift in Sources */,
				2B9B6D7B2B52D70A00CC021E /* HomePlusTableViewCell.swift in Sources */,
				2B9D89E82B57CD2600642F85 /* SideMenuViewModel.swift in Sources */,
				2B41097B2B527F01006149BE /* HomeChannelTableViewCell.swift in Sources */,
				2B41093B2B4FAE64006149BE /* EmailLoginView.swift in Sources */,
				2B4109242B4AC4D1006149BE /* SignUpViewModel.swift in Sources */,
				2B4109262B4D2AC6006149BE /* CSecureTextField.swift in Sources */,
				2BAF68F82B46865500584B13 /* BaseViewModel.swift in Sources */,
				2B9B6D872B53C41E00CC021E /* SideMenuViewController.swift in Sources */,
				2BAF68F62B4685D800584B13 /* BaseViewController.swift in Sources */,
				2B4109722B5277E8006149BE /* HomeView.swift in Sources */,
				2B4109392B4FAE59006149BE /* EmailLoginViewController.swift in Sources */,
				2B4109442B4FEA82006149BE /* AddView.swift in Sources */,
				2B4109482B4FF552006149BE /* CSymbolButton.swift in Sources */,
				2BE5E7FC2B49637B0012A83F /* CBackView.swift in Sources */,
				2BE5E7E82B47F0060012A83F /* APIRouter.swift in Sources */,
				2B41091E2B4ABD90006149BE /* InitialView.swift in Sources */,
				2BE5E7AF2B469FED0012A83F /* AuthView.swift in Sources */,
				2B9B6D892B53C64300CC021E /* SideMenuView.swift in Sources */,
				2B4109462B4FEA8D006149BE /* AddViewModel.swift in Sources */,
				2BE5E7D72B4715240012A83F /* KeychainManager.swift in Sources */,
				2BE5E7B12B469FF70012A83F /* AuthViewModel.swift in Sources */,
				2B9B6D792B52D5DD00CC021E /* HomeDMTableViewCell.swift in Sources */,
				2B18BC3B2B60E36F007636EC /* ChannelSearchView.swift in Sources */,
				2B41092C2B4E81F2006149BE /* UserDefaults+.swift in Sources */,
				2BAF68C42B458E4500584B13 /* SceneDelegate.swift in Sources */,
				2B4109762B527DB2006149BE /* CDivider.swift in Sources */,
				2BAF68FE2B4686E900584B13 /* OnboardingView.swift in Sources */,
				2BE5E7FE2B4964520012A83F /* CTextField.swift in Sources */,
				2B4109362B4EB2EC006149BE /* HomeViewController.swift in Sources */,
				2BE5E7FA2B4961BB0012A83F /* SignUpView.swift in Sources */,
				2B18BC2F2B60A272007636EC /* ChannelAddViewController.swift in Sources */,
				2BE5E7F12B4812DD0012A83F /* NetworkError.swift in Sources */,
				2B9D89FB2B5AA69800642F85 /* twoButtonModalViewModel.swift in Sources */,
				2BE5E7EF2B480EEA0012A83F /* NetworkModel.swift in Sources */,
				2B9B6D8D2B53F88A00CC021E /* SideMenuTableViewCell.swift in Sources */,
				2BAF69012B4689B900584B13 /* CButton.swift in Sources */,
				2B18BC392B60E365007636EC /* ChannelSearchViewController.swift in Sources */,
				2B18BC322B60A28C007636EC /* ChannelAddView.swift in Sources */,
			);
			runOnlyForDeploymentPostprocessing = 0;
		};
/* End PBXSourcesBuildPhase section */

/* Begin XCBuildConfiguration section */
		2BAF68D02B458E4600584B13 /* Debug */ = {
			isa = XCBuildConfiguration;
			baseConfigurationReference = 2BE5E7C42B46CDB60012A83F /* Config.xcconfig */;
			buildSettings = {
				ALWAYS_SEARCH_USER_PATHS = NO;
				ASSETCATALOG_COMPILER_GENERATE_SWIFT_ASSET_SYMBOL_EXTENSIONS = YES;
				CLANG_ANALYZER_NONNULL = YES;
				CLANG_ANALYZER_NUMBER_OBJECT_CONVERSION = YES_AGGRESSIVE;
				CLANG_CXX_LANGUAGE_STANDARD = "gnu++20";
				CLANG_ENABLE_MODULES = YES;
				CLANG_ENABLE_OBJC_ARC = YES;
				CLANG_ENABLE_OBJC_WEAK = YES;
				CLANG_WARN_BLOCK_CAPTURE_AUTORELEASING = YES;
				CLANG_WARN_BOOL_CONVERSION = YES;
				CLANG_WARN_COMMA = YES;
				CLANG_WARN_CONSTANT_CONVERSION = YES;
				CLANG_WARN_DEPRECATED_OBJC_IMPLEMENTATIONS = YES;
				CLANG_WARN_DIRECT_OBJC_ISA_USAGE = YES_ERROR;
				CLANG_WARN_DOCUMENTATION_COMMENTS = YES;
				CLANG_WARN_EMPTY_BODY = YES;
				CLANG_WARN_ENUM_CONVERSION = YES;
				CLANG_WARN_INFINITE_RECURSION = YES;
				CLANG_WARN_INT_CONVERSION = YES;
				CLANG_WARN_NON_LITERAL_NULL_CONVERSION = YES;
				CLANG_WARN_OBJC_IMPLICIT_RETAIN_SELF = YES;
				CLANG_WARN_OBJC_LITERAL_CONVERSION = YES;
				CLANG_WARN_OBJC_ROOT_CLASS = YES_ERROR;
				CLANG_WARN_QUOTED_INCLUDE_IN_FRAMEWORK_HEADER = YES;
				CLANG_WARN_RANGE_LOOP_ANALYSIS = YES;
				CLANG_WARN_STRICT_PROTOTYPES = YES;
				CLANG_WARN_SUSPICIOUS_MOVE = YES;
				CLANG_WARN_UNGUARDED_AVAILABILITY = YES_AGGRESSIVE;
				CLANG_WARN_UNREACHABLE_CODE = YES;
				CLANG_WARN__DUPLICATE_METHOD_MATCH = YES;
				COPY_PHASE_STRIP = NO;
				DEBUG_INFORMATION_FORMAT = dwarf;
				ENABLE_STRICT_OBJC_MSGSEND = YES;
				ENABLE_TESTABILITY = YES;
				ENABLE_USER_SCRIPT_SANDBOXING = YES;
				GCC_C_LANGUAGE_STANDARD = gnu17;
				GCC_DYNAMIC_NO_PIC = NO;
				GCC_NO_COMMON_BLOCKS = YES;
				GCC_OPTIMIZATION_LEVEL = 0;
				GCC_PREPROCESSOR_DEFINITIONS = (
					"DEBUG=1",
					"$(inherited)",
				);
				GCC_WARN_64_TO_32_BIT_CONVERSION = YES;
				GCC_WARN_ABOUT_RETURN_TYPE = YES_ERROR;
				GCC_WARN_UNDECLARED_SELECTOR = YES;
				GCC_WARN_UNINITIALIZED_AUTOS = YES_AGGRESSIVE;
				GCC_WARN_UNUSED_FUNCTION = YES;
				GCC_WARN_UNUSED_VARIABLE = YES;
				INFOPLIST_KEY_UILaunchScreen_Generation = NO;
				INFOPLIST_KEY_UILaunchStoryboardName = LaunchScreen;
				IPHONEOS_DEPLOYMENT_TARGET = 16.0;
				LOCALIZATION_PREFERS_STRING_CATALOGS = YES;
				MTL_ENABLE_DEBUG_INFO = INCLUDE_SOURCE;
				MTL_FAST_MATH = YES;
				ONLY_ACTIVE_ARCH = YES;
				SDKROOT = iphoneos;
				SWIFT_ACTIVE_COMPILATION_CONDITIONS = "DEBUG $(inherited)";
				SWIFT_OPTIMIZATION_LEVEL = "-Onone";
			};
			name = Debug;
		};
		2BAF68D12B458E4600584B13 /* Release */ = {
			isa = XCBuildConfiguration;
			baseConfigurationReference = 2BE5E7C42B46CDB60012A83F /* Config.xcconfig */;
			buildSettings = {
				ALWAYS_SEARCH_USER_PATHS = NO;
				ASSETCATALOG_COMPILER_GENERATE_SWIFT_ASSET_SYMBOL_EXTENSIONS = YES;
				CLANG_ANALYZER_NONNULL = YES;
				CLANG_ANALYZER_NUMBER_OBJECT_CONVERSION = YES_AGGRESSIVE;
				CLANG_CXX_LANGUAGE_STANDARD = "gnu++20";
				CLANG_ENABLE_MODULES = YES;
				CLANG_ENABLE_OBJC_ARC = YES;
				CLANG_ENABLE_OBJC_WEAK = YES;
				CLANG_WARN_BLOCK_CAPTURE_AUTORELEASING = YES;
				CLANG_WARN_BOOL_CONVERSION = YES;
				CLANG_WARN_COMMA = YES;
				CLANG_WARN_CONSTANT_CONVERSION = YES;
				CLANG_WARN_DEPRECATED_OBJC_IMPLEMENTATIONS = YES;
				CLANG_WARN_DIRECT_OBJC_ISA_USAGE = YES_ERROR;
				CLANG_WARN_DOCUMENTATION_COMMENTS = YES;
				CLANG_WARN_EMPTY_BODY = YES;
				CLANG_WARN_ENUM_CONVERSION = YES;
				CLANG_WARN_INFINITE_RECURSION = YES;
				CLANG_WARN_INT_CONVERSION = YES;
				CLANG_WARN_NON_LITERAL_NULL_CONVERSION = YES;
				CLANG_WARN_OBJC_IMPLICIT_RETAIN_SELF = YES;
				CLANG_WARN_OBJC_LITERAL_CONVERSION = YES;
				CLANG_WARN_OBJC_ROOT_CLASS = YES_ERROR;
				CLANG_WARN_QUOTED_INCLUDE_IN_FRAMEWORK_HEADER = YES;
				CLANG_WARN_RANGE_LOOP_ANALYSIS = YES;
				CLANG_WARN_STRICT_PROTOTYPES = YES;
				CLANG_WARN_SUSPICIOUS_MOVE = YES;
				CLANG_WARN_UNGUARDED_AVAILABILITY = YES_AGGRESSIVE;
				CLANG_WARN_UNREACHABLE_CODE = YES;
				CLANG_WARN__DUPLICATE_METHOD_MATCH = YES;
				COPY_PHASE_STRIP = NO;
				DEBUG_INFORMATION_FORMAT = "dwarf-with-dsym";
				ENABLE_NS_ASSERTIONS = NO;
				ENABLE_STRICT_OBJC_MSGSEND = YES;
				ENABLE_USER_SCRIPT_SANDBOXING = YES;
				GCC_C_LANGUAGE_STANDARD = gnu17;
				GCC_NO_COMMON_BLOCKS = YES;
				GCC_WARN_64_TO_32_BIT_CONVERSION = YES;
				GCC_WARN_ABOUT_RETURN_TYPE = YES_ERROR;
				GCC_WARN_UNDECLARED_SELECTOR = YES;
				GCC_WARN_UNINITIALIZED_AUTOS = YES_AGGRESSIVE;
				GCC_WARN_UNUSED_FUNCTION = YES;
				GCC_WARN_UNUSED_VARIABLE = YES;
				INFOPLIST_KEY_UILaunchScreen_Generation = NO;
				INFOPLIST_KEY_UILaunchStoryboardName = LaunchScreen;
				IPHONEOS_DEPLOYMENT_TARGET = 16.0;
				LOCALIZATION_PREFERS_STRING_CATALOGS = YES;
				MTL_ENABLE_DEBUG_INFO = NO;
				MTL_FAST_MATH = YES;
				SDKROOT = iphoneos;
				SWIFT_COMPILATION_MODE = wholemodule;
				VALIDATE_PRODUCT = YES;
			};
			name = Release;
		};
		2BAF68D32B458E4600584B13 /* Debug */ = {
			isa = XCBuildConfiguration;
			baseConfigurationReference = 2BE5E7C42B46CDB60012A83F /* Config.xcconfig */;
			buildSettings = {
				ASSETCATALOG_COMPILER_APPICON_NAME = AppIcon;
				ASSETCATALOG_COMPILER_GLOBAL_ACCENT_COLOR_NAME = AccentColor;
				ASSETCATALOG_COMPILER_INCLUDE_ALL_APPICON_ASSETS = YES;
				CODE_SIGN_ENTITLEMENTS = Chatty/Chatty.entitlements;
				CODE_SIGN_STYLE = Automatic;
				CURRENT_PROJECT_VERSION = 1;
				DEVELOPMENT_TEAM = 7T88N7TX7W;
				GENERATE_INFOPLIST_FILE = YES;
				INFOPLIST_FILE = Chatty/Info.plist;
				INFOPLIST_KEY_UIApplicationSupportsIndirectInputEvents = YES;
				INFOPLIST_KEY_UILaunchStoryboardName = LaunchScreen.storyboard;
				INFOPLIST_KEY_UISupportedInterfaceOrientations = UIInterfaceOrientationPortrait;
				INFOPLIST_KEY_UISupportedInterfaceOrientations_iPad = "UIInterfaceOrientationLandscapeLeft UIInterfaceOrientationLandscapeRight UIInterfaceOrientationPortrait UIInterfaceOrientationPortraitUpsideDown";
				IPHONEOS_DEPLOYMENT_TARGET = 16.0;
				LD_RUNPATH_SEARCH_PATHS = (
					"$(inherited)",
					"@executable_path/Frameworks",
				);
				MARKETING_VERSION = 1.0;
				PRODUCT_BUNDLE_IDENTIFIER = com.yerihwang.Chatty;
				PRODUCT_NAME = "$(TARGET_NAME)";
				SUPPORTED_PLATFORMS = "iphoneos iphonesimulator";
				SUPPORTS_MACCATALYST = NO;
				SUPPORTS_MAC_DESIGNED_FOR_IPHONE_IPAD = NO;
				SWIFT_EMIT_LOC_STRINGS = YES;
				SWIFT_VERSION = 5.0;
				TARGETED_DEVICE_FAMILY = 1;
			};
			name = Debug;
		};
		2BAF68D42B458E4600584B13 /* Release */ = {
			isa = XCBuildConfiguration;
			baseConfigurationReference = 2BE5E7C42B46CDB60012A83F /* Config.xcconfig */;
			buildSettings = {
				ASSETCATALOG_COMPILER_APPICON_NAME = AppIcon;
				ASSETCATALOG_COMPILER_GLOBAL_ACCENT_COLOR_NAME = AccentColor;
				ASSETCATALOG_COMPILER_INCLUDE_ALL_APPICON_ASSETS = YES;
				CODE_SIGN_ENTITLEMENTS = Chatty/Chatty.entitlements;
				CODE_SIGN_STYLE = Automatic;
				CURRENT_PROJECT_VERSION = 1;
				DEVELOPMENT_TEAM = 7T88N7TX7W;
				GENERATE_INFOPLIST_FILE = YES;
				INFOPLIST_FILE = Chatty/Info.plist;
				INFOPLIST_KEY_UIApplicationSupportsIndirectInputEvents = YES;
				INFOPLIST_KEY_UILaunchStoryboardName = LaunchScreen.storyboard;
				INFOPLIST_KEY_UISupportedInterfaceOrientations = UIInterfaceOrientationPortrait;
				INFOPLIST_KEY_UISupportedInterfaceOrientations_iPad = "UIInterfaceOrientationLandscapeLeft UIInterfaceOrientationLandscapeRight UIInterfaceOrientationPortrait UIInterfaceOrientationPortraitUpsideDown";
				IPHONEOS_DEPLOYMENT_TARGET = 16.0;
				LD_RUNPATH_SEARCH_PATHS = (
					"$(inherited)",
					"@executable_path/Frameworks",
				);
				MARKETING_VERSION = 1.0;
				PRODUCT_BUNDLE_IDENTIFIER = com.yerihwang.Chatty;
				PRODUCT_NAME = "$(TARGET_NAME)";
				SUPPORTED_PLATFORMS = "iphoneos iphonesimulator";
				SUPPORTS_MACCATALYST = NO;
				SUPPORTS_MAC_DESIGNED_FOR_IPHONE_IPAD = NO;
				SWIFT_EMIT_LOC_STRINGS = YES;
				SWIFT_VERSION = 5.0;
				TARGETED_DEVICE_FAMILY = 1;
			};
			name = Release;
		};
/* End XCBuildConfiguration section */

/* Begin XCConfigurationList section */
		2BAF68B92B458E4500584B13 /* Build configuration list for PBXProject "Chatty" */ = {
			isa = XCConfigurationList;
			buildConfigurations = (
				2BAF68D02B458E4600584B13 /* Debug */,
				2BAF68D12B458E4600584B13 /* Release */,
			);
			defaultConfigurationIsVisible = 0;
			defaultConfigurationName = Release;
		};
		2BAF68D22B458E4600584B13 /* Build configuration list for PBXNativeTarget "Chatty" */ = {
			isa = XCConfigurationList;
			buildConfigurations = (
				2BAF68D32B458E4600584B13 /* Debug */,
				2BAF68D42B458E4600584B13 /* Release */,
			);
			defaultConfigurationIsVisible = 0;
			defaultConfigurationName = Release;
		};
/* End XCConfigurationList section */

/* Begin XCRemoteSwiftPackageReference section */
		2B4109272B4D39EA006149BE /* XCRemoteSwiftPackageReference "IQKeyboardManager" */ = {
			isa = XCRemoteSwiftPackageReference;
			repositoryURL = "https://github.com/hackiftekhar/IQKeyboardManager";
			requirement = {
				kind = upToNextMajorVersion;
				minimumVersion = 6.5.16;
			};
		};
		2B9B6D7C2B53B4DD00CC021E /* XCRemoteSwiftPackageReference "SideMenu" */ = {
			isa = XCRemoteSwiftPackageReference;
			repositoryURL = "https://github.com/jonkykong/SideMenu.git";
			requirement = {
				kind = upToNextMajorVersion;
				minimumVersion = 6.5.0;
			};
		};
		2B9D89E22B554B2800642F85 /* XCRemoteSwiftPackageReference "Kingfisher" */ = {
			isa = XCRemoteSwiftPackageReference;
			repositoryURL = "https://github.com/onevcat/Kingfisher";
			requirement = {
				kind = upToNextMajorVersion;
				minimumVersion = 7.10.2;
			};
		};
		2BAF68E92B45B53900584B13 /* XCRemoteSwiftPackageReference "SnapKit" */ = {
			isa = XCRemoteSwiftPackageReference;
			repositoryURL = "https://github.com/SnapKit/SnapKit";
			requirement = {
				kind = upToNextMajorVersion;
				minimumVersion = 5.7.0;
			};
		};
		2BAF68EC2B45B54300584B13 /* XCRemoteSwiftPackageReference "Then" */ = {
			isa = XCRemoteSwiftPackageReference;
			repositoryURL = "https://github.com/devxoul/Then";
			requirement = {
				kind = upToNextMajorVersion;
				minimumVersion = 3.0.0;
			};
		};
		2BE5E7A22B46986E0012A83F /* XCRemoteSwiftPackageReference "RxSwift" */ = {
			isa = XCRemoteSwiftPackageReference;
			repositoryURL = "https://github.com/ReactiveX/RxSwift.git";
			requirement = {
				kind = upToNextMajorVersion;
				minimumVersion = 6.6.0;
			};
		};
		2BE5E7C82B46D32A0012A83F /* XCRemoteSwiftPackageReference "kakao-ios-sdk" */ = {
			isa = XCRemoteSwiftPackageReference;
			repositoryURL = "https://github.com/kakao/kakao-ios-sdk.git";
			requirement = {
				kind = upToNextMajorVersion;
				minimumVersion = 2.20.0;
			};
		};
		2BE5E7D32B4715140012A83F /* XCRemoteSwiftPackageReference "SwiftKeychainWrapper" */ = {
			isa = XCRemoteSwiftPackageReference;
			repositoryURL = "https://github.com/jrendel/SwiftKeychainWrapper";
			requirement = {
				kind = upToNextMajorVersion;
				minimumVersion = 4.0.1;
			};
		};
/* End XCRemoteSwiftPackageReference section */

/* Begin XCSwiftPackageProductDependency section */
		2B4109282B4D39EA006149BE /* IQKeyboardManagerSwift */ = {
			isa = XCSwiftPackageProductDependency;
			package = 2B4109272B4D39EA006149BE /* XCRemoteSwiftPackageReference "IQKeyboardManager" */;
			productName = IQKeyboardManagerSwift;
		};
		2B9B6D7D2B53B4DD00CC021E /* SideMenu */ = {
			isa = XCSwiftPackageProductDependency;
			package = 2B9B6D7C2B53B4DD00CC021E /* XCRemoteSwiftPackageReference "SideMenu" */;
			productName = SideMenu;
		};
		2B9D89E32B554B2800642F85 /* Kingfisher */ = {
			isa = XCSwiftPackageProductDependency;
			package = 2B9D89E22B554B2800642F85 /* XCRemoteSwiftPackageReference "Kingfisher" */;
			productName = Kingfisher;
		};
		2BAF68EA2B45B53900584B13 /* SnapKit */ = {
			isa = XCSwiftPackageProductDependency;
			package = 2BAF68E92B45B53900584B13 /* XCRemoteSwiftPackageReference "SnapKit" */;
			productName = SnapKit;
		};
		2BAF68ED2B45B54300584B13 /* Then */ = {
			isa = XCSwiftPackageProductDependency;
			package = 2BAF68EC2B45B54300584B13 /* XCRemoteSwiftPackageReference "Then" */;
			productName = Then;
		};
		2BE5E7A32B46986E0012A83F /* RxCocoa */ = {
			isa = XCSwiftPackageProductDependency;
			package = 2BE5E7A22B46986E0012A83F /* XCRemoteSwiftPackageReference "RxSwift" */;
			productName = RxCocoa;
		};
		2BE5E7A52B46986E0012A83F /* RxRelay */ = {
			isa = XCSwiftPackageProductDependency;
			package = 2BE5E7A22B46986E0012A83F /* XCRemoteSwiftPackageReference "RxSwift" */;
			productName = RxRelay;
		};
		2BE5E7A72B46986E0012A83F /* RxSwift */ = {
			isa = XCSwiftPackageProductDependency;
			package = 2BE5E7A22B46986E0012A83F /* XCRemoteSwiftPackageReference "RxSwift" */;
			productName = RxSwift;
		};
		2BE5E7C92B46D32B0012A83F /* KakaoSDKAuth */ = {
			isa = XCSwiftPackageProductDependency;
			package = 2BE5E7C82B46D32A0012A83F /* XCRemoteSwiftPackageReference "kakao-ios-sdk" */;
			productName = KakaoSDKAuth;
		};
		2BE5E7CB2B46D32B0012A83F /* KakaoSDKCommon */ = {
			isa = XCSwiftPackageProductDependency;
			package = 2BE5E7C82B46D32A0012A83F /* XCRemoteSwiftPackageReference "kakao-ios-sdk" */;
			productName = KakaoSDKCommon;
		};
		2BE5E7CD2B46D32B0012A83F /* KakaoSDKUser */ = {
			isa = XCSwiftPackageProductDependency;
			package = 2BE5E7C82B46D32A0012A83F /* XCRemoteSwiftPackageReference "kakao-ios-sdk" */;
			productName = KakaoSDKUser;
		};
		2BE5E7D42B4715140012A83F /* SwiftKeychainWrapper */ = {
			isa = XCSwiftPackageProductDependency;
			package = 2BE5E7D32B4715140012A83F /* XCRemoteSwiftPackageReference "SwiftKeychainWrapper" */;
			productName = SwiftKeychainWrapper;
		};
/* End XCSwiftPackageProductDependency section */
	};
	rootObject = 2BAF68B62B458E4500584B13 /* Project object */;
}
